
Microsoft Visual Studio Solution File, Format Version 10.00
# Visual Studio 2008
Project("{8BC9CEB8-8B4A-11D0-8D11-00A0C91BC942}") = "singalong", "..\singalong\singalong.vcproj", "{47C7AC31-CF7F-4636-91AB-5D75CEFC1E31}"
	ProjectSection(ProjectDependencies) = postProject
		{CB863607-6B6C-0000-0000-000000001234} = {CB863607-6B6C-0000-0000-000000001234}
		{CB863607-6B6C-0000-0000-123400001234} = {CB863607-6B6C-0000-0000-123400001234}
		{CB863607-6B6C-0000-7689-000000001234} = {CB863607-6B6C-0000-7689-000000001234}
		{CB80E607-6B6C-4ADF-9B6D-27AA925AE493} = {CB80E607-6B6C-4ADF-9B6D-27AA925AE493}
		{66E3CE14-884D-4AEA-9F20-15A0BEAF8C5A} = {66E3CE14-884D-4AEA-9F20-15A0BEAF8C5A}
		{5A761929-07C3-48BD-8E4A-B37EC5C72C42} = {5A761929-07C3-48BD-8E4A-B37EC5C72C42}
		{01818D2C-1234-4D5C-ABCD-4DFF401C6461} = {01818D2C-1234-4D5C-ABCD-4DFF401C6461}
		{01818D2C-65AF-4D5C-9452-4DFF401C6461} = {01818D2C-65AF-4D5C-9452-4DFF401C6461}
		{01818D2C-65AF-AFDC-4356-1234401C6461} = {01818D2C-65AF-AFDC-4356-1234401C6461}
		{8C4AA137-3CAE-4727-96E0-477742ED8AA5} = {8C4AA137-3CAE-4727-96E0-477742ED8AA5}
		{60D24944-3BD3-4CBD-999F-BFE4FBAD3237} = {60D24944-3BD3-4CBD-999F-BFE4FBAD3237}
		{53FC9752-81C1-4AA6-B366-A7890A2B81F6} = {53FC9752-81C1-4AA6-B366-A7890A2B81F6}
		{1EBC7A53-4677-4C3A-8D4A-49D301F17D85} = {1EBC7A53-4677-4C3A-8D4A-49D301F17D85}
		{1EBC7A53-4677-75D7-8D4A-49D301F17D85} = {1EBC7A53-4677-75D7-8D4A-49D301F17D85}
		{1EBC7A53-4677-ADF1-8D4A-49D301F17D85} = {1EBC7A53-4677-ADF1-8D4A-49D301F17D85}
		{94C06B5A-D085-4E23-9096-246D92618D29} = {94C06B5A-D085-4E23-9096-246D92618D29}
		{B4823266-DF8C-4EFB-91C0-C7688C234EAC} = {B4823266-DF8C-4EFB-91C0-C7688C234EAC}
		{01DEE86E-D4BE-4C62-B079-60324E2B9AF9} = {01DEE86E-D4BE-4C62-B079-60324E2B9AF9}
		{5EEFE977-C56D-462F-BDEE-12A5452EB8CC} = {5EEFE977-C56D-462F-BDEE-12A5452EB8CC}
		{12ADAF81-E089-4670-878E-0AD2A5D6A8E3} = {12ADAF81-E089-4670-878E-0AD2A5D6A8E3}
		{2E5ECD96-745D-42BE-8201-64BDD1E502BA} = {2E5ECD96-745D-42BE-8201-64BDD1E502BA}
		{2C7E83B9-123A-BCDF-97BA-FCF4D0728408} = {2C7E83B9-123A-BCDF-97BA-FCF4D0728408}
		{2C7E83B9-7FE8-432A-97BA-FCF4D0728408} = {2C7E83B9-7FE8-432A-97BA-FCF4D0728408}
		{128E8BD0-174A-48F0-8771-92B1E8D18713} = {128E8BD0-174A-48F0-8771-92B1E8D18713}
		{BE7472E1-E76E-4969-A35F-054614F5884E} = {BE7472E1-E76E-4969-A35F-054614F5884E}
		{E251B4F4-0B0A-482B-BA18-1234ADC4B6AA} = {E251B4F4-0B0A-482B-BA18-1234ADC4B6AA}
		{E251B4F4-0B0A-482B-BB33-1234ADC4B6AA} = {E251B4F4-0B0A-482B-BB33-1234ADC4B6AA}
	EndProjectSection
EndProject
Project("{8BC9CEB8-8B4A-11D0-8D11-00A0C91BC942}") = "lfs", "..\lfs\lfs.vcproj", "{8C4AA137-3CAE-4727-96E0-477742ED8AA5}"
EndProject
Project("{8BC9CEB8-8B4A-11D0-8D11-00A0C91BC942}") = "lpack", "..\lpack\lpack.vcproj", "{2E5ECD96-745D-42BE-8201-64BDD1E502BA}"
EndProject
Project("{8BC9CEB8-8B4A-11D0-8D11-00A0C91BC942}") = "mime", "..\luasocket\mime.vcproj", "{128E8BD0-174A-48F0-8771-92B1E8D18713}"
	ProjectSection(ProjectDependencies) = postProject
		{94C06B5A-D085-4E23-9096-246D92618D29} = {94C06B5A-D085-4E23-9096-246D92618D29}
	EndProjectSection
EndProject
Project("{8BC9CEB8-8B4A-11D0-8D11-00A0C91BC942}") = "socket", "..\luasocket\socket.vcproj", "{66E3CE14-884D-4AEA-9F20-15A0BEAF8C5A}"
	ProjectSection(ProjectDependencies) = postProject
		{94C06B5A-D085-4E23-9096-246D92618D29} = {94C06B5A-D085-4E23-9096-246D92618D29}
	EndProjectSection
EndProject
Project("{8BC9CEB8-8B4A-11D0-8D11-00A0C91BC942}") = "lmarshal", "..\lmarshal\lmarshal.vcproj", "{60D24944-3BD3-4CBD-999F-BFE4FBAD3237}"
EndProject
Project("{8BC9CEB8-8B4A-11D0-8D11-00A0C91BC942}") = "im", "..\im\mak.vc9\im.vcproj", "{5A761929-07C3-48BD-8E4A-B37EC5C72C42}"
EndProject
Project("{8BC9CEB8-8B4A-11D0-8D11-00A0C91BC942}") = "imlua51", "..\im\mak.vc9\imlua51.vcproj", "{CB863607-6B6C-0000-0000-000000001234}"
	ProjectSection(ProjectDependencies) = postProject
		{94C06B5A-D085-4E23-9096-246D92618D29} = {94C06B5A-D085-4E23-9096-246D92618D29}
	EndProjectSection
EndProject
Project("{8BC9CEB8-8B4A-11D0-8D11-00A0C91BC942}") = "lua5.1", "..\lua5.1\lua5.1.vcproj", "{94C06B5A-D085-4E23-9096-246D92618D29}"
EndProject
Project("{8BC9CEB8-8B4A-11D0-8D11-00A0C91BC942}") = "task", "..\luatask\task.vcproj", "{01DEE86E-D4BE-4C62-B079-60324E2B9AF9}"
	ProjectSection(ProjectDependencies) = postProject
		{94C06B5A-D085-4E23-9096-246D92618D29} = {94C06B5A-D085-4E23-9096-246D92618D29}
	EndProjectSection
EndProject
Project("{8BC9CEB8-8B4A-11D0-8D11-00A0C91BC942}") = "imlua_process51", "..\im\mak.vc9\imlua_process51.vcproj", "{CB863607-6B6C-0000-7689-000000001234}"
EndProject
Project("{8BC9CEB8-8B4A-11D0-8D11-00A0C91BC942}") = "im_process", "..\im\mak.vc9\im_process.vcproj", "{CB80E607-6B6C-4ADF-9B6D-27AA925AE493}"
EndProject
Project("{8BC9CEB8-8B4A-11D0-8D11-00A0C91BC942}") = "iupwin", "..\iup\mak.vc9\iupwin.vcproj", "{2C7E83B9-123A-BCDF-97BA-FCF4D0728408}"
EndProject
Project("{8BC9CEB8-8B4A-11D0-8D11-00A0C91BC942}") = "iupcore", "..\iup\mak.vc9\iupcore.vcproj", "{2C7E83B9-7FE8-432A-97BA-FCF4D0728408}"
EndProject
Project("{8BC9CEB8-8B4A-11D0-8D11-00A0C91BC942}") = "iupcd", "..\iup\mak.vc9\iupcd.vcproj", "{BE7472E1-E76E-4969-A35F-054614F5884E}"
EndProject
Project("{8BC9CEB8-8B4A-11D0-8D11-00A0C91BC942}") = "iupcontrols", "..\iup\mak.vc9\iupcontrols.vcproj", "{5EEFE977-C56D-462F-BDEE-12A5452EB8CC}"
EndProject
Project("{8BC9CEB8-8B4A-11D0-8D11-00A0C91BC942}") = "iupim", "..\iup\mak.vc9\iupim.vcproj", "{E251B4F4-0B0A-482B-BA18-1234ADC4B6AA}"
EndProject
Project("{8BC9CEB8-8B4A-11D0-8D11-00A0C91BC942}") = "iuplua51", "..\iup\mak.vc9\iuplua51.vcproj", "{1EBC7A53-4677-4C3A-8D4A-49D301F17D85}"
	ProjectSection(ProjectDependencies) = postProject
		{94C06B5A-D085-4E23-9096-246D92618D29} = {94C06B5A-D085-4E23-9096-246D92618D29}
	EndProjectSection
EndProject
Project("{8BC9CEB8-8B4A-11D0-8D11-00A0C91BC942}") = "iupluacd51", "..\iup\mak.vc9\iupluacd51.vcproj", "{B4823266-DF8C-4EFB-91C0-C7688C234EAC}"
	ProjectSection(ProjectDependencies) = postProject
		{94C06B5A-D085-4E23-9096-246D92618D29} = {94C06B5A-D085-4E23-9096-246D92618D29}
	EndProjectSection
EndProject
Project("{8BC9CEB8-8B4A-11D0-8D11-00A0C91BC942}") = "iupluacontrols51", "..\iup\mak.vc9\iupluacontrols51.vcproj", "{1EBC7A53-4677-75D7-8D4A-49D301F17D85}"
	ProjectSection(ProjectDependencies) = postProject
		{94C06B5A-D085-4E23-9096-246D92618D29} = {94C06B5A-D085-4E23-9096-246D92618D29}
	EndProjectSection
EndProject
Project("{8BC9CEB8-8B4A-11D0-8D11-00A0C91BC942}") = "iupluaim51", "..\iup\mak.vc9\iupluaim51.vcproj", "{1EBC7A53-4677-ADF1-8D4A-49D301F17D85}"
	ProjectSection(ProjectDependencies) = postProject
		{94C06B5A-D085-4E23-9096-246D92618D29} = {94C06B5A-D085-4E23-9096-246D92618D29}
	EndProjectSection
EndProject
Project("{8BC9CEB8-8B4A-11D0-8D11-00A0C91BC942}") = "iupimglib", "..\iup\mak.vc9\iupimglib.vcproj", "{E251B4F4-0B0A-482B-BB33-1234ADC4B6AA}"
EndProject
Project("{8BC9CEB8-8B4A-11D0-8D11-00A0C91BC942}") = "cdwin", "..\cd\mak.vc9\cd.vcproj", "{01818D2C-65AF-4D5C-9452-4DFF401C6461}"
	ProjectSection(ProjectDependencies) = postProject
		{01818D2C-1234-4D5C-ABCD-4DFF401C6461} = {01818D2C-1234-4D5C-ABCD-4DFF401C6461}
	EndProjectSection
EndProject
Project("{8BC9CEB8-8B4A-11D0-8D11-00A0C91BC942}") = "cdlua51", "..\cd\mak.vc9\cdlua51.vcproj", "{53FC9752-81C1-4AA6-B366-A7890A2B81F6}"
EndProject
Project("{8BC9CEB8-8B4A-11D0-8D11-00A0C91BC942}") = "cdluaim51", "..\cd\mak.vc9\cdluaim51.vcproj", "{CB863607-6B6C-0000-0000-123400001234}"
EndProject
Project("{8BC9CEB8-8B4A-11D0-8D11-00A0C91BC942}") = "cdcore", "..\cd\mak.vc9\cdcore.vcproj", "{01818D2C-1234-4D5C-ABCD-4DFF401C6461}"
EndProject
Project("{8BC9CEB8-8B4A-11D0-8D11-00A0C91BC942}") = "freetype6", "..\cd\mak.vc9\cd_freetype.vcproj", "{01818D2C-65AF-AFDC-4356-1234401C6461}"
EndProject
Project("{8BC9CEB8-8B4A-11D0-8D11-00A0C91BC942}") = "libharu", "..\libharu\libharu.vcproj", "{12ADAF81-E089-4670-878E-0AD2A5D6A8E3}"
	ProjectSection(ProjectDependencies) = postProject
		{9101F7CC-B79D-42FD-8499-97C1D79876DD} = {9101F7CC-B79D-42FD-8499-97C1D79876DD}
		{2A8DECD6-D0C9-41D9-9CFB-AEA816115F62} = {2A8DECD6-D0C9-41D9-9CFB-AEA816115F62}
	EndProjectSection
EndProject
Project("{8BC9CEB8-8B4A-11D0-8D11-00A0C91BC942}") = "libpng", "..\lpng1510\projects\visualc71\libpng.vcproj", "{2A8DECD6-D0C9-41D9-9CFB-AEA816115F62}"
EndProject
Project("{8BC9CEB8-8B4A-11D0-8D11-00A0C91BC942}") = "zlib", "..\lpng1510\projects\visualc71\zlib.vcproj", "{9101F7CC-B79D-42FD-8499-97C1D79876DD}"
EndProject
Global
	GlobalSection(SolutionConfigurationPlatforms) = preSolution
		Debug|Win32 = Debug|Win32
		DLL Debug|Win32 = DLL Debug|Win32
		DLL Release|Win32 = DLL Release|Win32
		DLL VB|Win32 = DLL VB|Win32
		LIB Debug|Win32 = LIB Debug|Win32
		LIB Release|Win32 = LIB Release|Win32
		Release|Win32 = Release|Win32
	EndGlobalSection
	GlobalSection(ProjectConfigurationPlatforms) = postSolution
		{47C7AC31-CF7F-4636-91AB-5D75CEFC1E31}.Debug|Win32.ActiveCfg = Debug|Win32
		{47C7AC31-CF7F-4636-91AB-5D75CEFC1E31}.Debug|Win32.Build.0 = Debug|Win32
		{47C7AC31-CF7F-4636-91AB-5D75CEFC1E31}.DLL Debug|Win32.ActiveCfg = Debug|Win32
		{47C7AC31-CF7F-4636-91AB-5D75CEFC1E31}.DLL Debug|Win32.Build.0 = Debug|Win32
		{47C7AC31-CF7F-4636-91AB-5D75CEFC1E31}.DLL Release|Win32.ActiveCfg = Release|Win32
		{47C7AC31-CF7F-4636-91AB-5D75CEFC1E31}.DLL Release|Win32.Build.0 = Release|Win32
		{47C7AC31-CF7F-4636-91AB-5D75CEFC1E31}.DLL VB|Win32.ActiveCfg = Debug|Win32
		{47C7AC31-CF7F-4636-91AB-5D75CEFC1E31}.DLL VB|Win32.Build.0 = Debug|Win32
		{47C7AC31-CF7F-4636-91AB-5D75CEFC1E31}.LIB Debug|Win32.ActiveCfg = Debug|Win32
		{47C7AC31-CF7F-4636-91AB-5D75CEFC1E31}.LIB Debug|Win32.Build.0 = Debug|Win32
		{47C7AC31-CF7F-4636-91AB-5D75CEFC1E31}.LIB Release|Win32.ActiveCfg = Release|Win32
		{47C7AC31-CF7F-4636-91AB-5D75CEFC1E31}.LIB Release|Win32.Build.0 = Release|Win32
		{47C7AC31-CF7F-4636-91AB-5D75CEFC1E31}.Release|Win32.ActiveCfg = Release|Win32
		{47C7AC31-CF7F-4636-91AB-5D75CEFC1E31}.Release|Win32.Build.0 = Release|Win32
		{8C4AA137-3CAE-4727-96E0-477742ED8AA5}.Debug|Win32.ActiveCfg = Debug|Win32
		{8C4AA137-3CAE-4727-96E0-477742ED8AA5}.Debug|Win32.Build.0 = Debug|Win32
		{8C4AA137-3CAE-4727-96E0-477742ED8AA5}.DLL Debug|Win32.ActiveCfg = Debug|Win32
		{8C4AA137-3CAE-4727-96E0-477742ED8AA5}.DLL Debug|Win32.Build.0 = Debug|Win32
		{8C4AA137-3CAE-4727-96E0-477742ED8AA5}.DLL Release|Win32.ActiveCfg = Release|Win32
		{8C4AA137-3CAE-4727-96E0-477742ED8AA5}.DLL Release|Win32.Build.0 = Release|Win32
		{8C4AA137-3CAE-4727-96E0-477742ED8AA5}.DLL VB|Win32.ActiveCfg = Debug|Win32
		{8C4AA137-3CAE-4727-96E0-477742ED8AA5}.DLL VB|Win32.Build.0 = Debug|Win32
		{8C4AA137-3CAE-4727-96E0-477742ED8AA5}.LIB Debug|Win32.ActiveCfg = Debug|Win32
		{8C4AA137-3CAE-4727-96E0-477742ED8AA5}.LIB Debug|Win32.Build.0 = Debug|Win32
		{8C4AA137-3CAE-4727-96E0-477742ED8AA5}.LIB Release|Win32.ActiveCfg = Release|Win32
		{8C4AA137-3CAE-4727-96E0-477742ED8AA5}.LIB Release|Win32.Build.0 = Release|Win32
		{8C4AA137-3CAE-4727-96E0-477742ED8AA5}.Release|Win32.ActiveCfg = Release|Win32
		{8C4AA137-3CAE-4727-96E0-477742ED8AA5}.Release|Win32.Build.0 = Release|Win32
		{2E5ECD96-745D-42BE-8201-64BDD1E502BA}.Debug|Win32.ActiveCfg = Debug|Win32
		{2E5ECD96-745D-42BE-8201-64BDD1E502BA}.Debug|Win32.Build.0 = Debug|Win32
		{2E5ECD96-745D-42BE-8201-64BDD1E502BA}.DLL Debug|Win32.ActiveCfg = Debug|Win32
		{2E5ECD96-745D-42BE-8201-64BDD1E502BA}.DLL Debug|Win32.Build.0 = Debug|Win32
		{2E5ECD96-745D-42BE-8201-64BDD1E502BA}.DLL Release|Win32.ActiveCfg = Release|Win32
		{2E5ECD96-745D-42BE-8201-64BDD1E502BA}.DLL Release|Win32.Build.0 = Release|Win32
		{2E5ECD96-745D-42BE-8201-64BDD1E502BA}.DLL VB|Win32.ActiveCfg = Debug|Win32
		{2E5ECD96-745D-42BE-8201-64BDD1E502BA}.DLL VB|Win32.Build.0 = Debug|Win32
		{2E5ECD96-745D-42BE-8201-64BDD1E502BA}.LIB Debug|Win32.ActiveCfg = Debug|Win32
		{2E5ECD96-745D-42BE-8201-64BDD1E502BA}.LIB Debug|Win32.Build.0 = Debug|Win32
		{2E5ECD96-745D-42BE-8201-64BDD1E502BA}.LIB Release|Win32.ActiveCfg = Release|Win32
		{2E5ECD96-745D-42BE-8201-64BDD1E502BA}.LIB Release|Win32.Build.0 = Release|Win32
		{2E5ECD96-745D-42BE-8201-64BDD1E502BA}.Release|Win32.ActiveCfg = Release|Win32
		{2E5ECD96-745D-42BE-8201-64BDD1E502BA}.Release|Win32.Build.0 = Release|Win32
		{128E8BD0-174A-48F0-8771-92B1E8D18713}.Debug|Win32.ActiveCfg = Debug|Win32
		{128E8BD0-174A-48F0-8771-92B1E8D18713}.Debug|Win32.Build.0 = Debug|Win32
		{128E8BD0-174A-48F0-8771-92B1E8D18713}.DLL Debug|Win32.ActiveCfg = Debug|Win32
		{128E8BD0-174A-48F0-8771-92B1E8D18713}.DLL Debug|Win32.Build.0 = Debug|Win32
		{128E8BD0-174A-48F0-8771-92B1E8D18713}.DLL Release|Win32.ActiveCfg = Release|Win32
		{128E8BD0-174A-48F0-8771-92B1E8D18713}.DLL Release|Win32.Build.0 = Release|Win32
		{128E8BD0-174A-48F0-8771-92B1E8D18713}.DLL VB|Win32.ActiveCfg = Debug|Win32
		{128E8BD0-174A-48F0-8771-92B1E8D18713}.DLL VB|Win32.Build.0 = Debug|Win32
		{128E8BD0-174A-48F0-8771-92B1E8D18713}.LIB Debug|Win32.ActiveCfg = Debug|Win32
		{128E8BD0-174A-48F0-8771-92B1E8D18713}.LIB Debug|Win32.Build.0 = Debug|Win32
		{128E8BD0-174A-48F0-8771-92B1E8D18713}.LIB Release|Win32.ActiveCfg = Release|Win32
		{128E8BD0-174A-48F0-8771-92B1E8D18713}.LIB Release|Win32.Build.0 = Release|Win32
		{128E8BD0-174A-48F0-8771-92B1E8D18713}.Release|Win32.ActiveCfg = Release|Win32
		{128E8BD0-174A-48F0-8771-92B1E8D18713}.Release|Win32.Build.0 = Release|Win32
		{66E3CE14-884D-4AEA-9F20-15A0BEAF8C5A}.Debug|Win32.ActiveCfg = Debug|Win32
		{66E3CE14-884D-4AEA-9F20-15A0BEAF8C5A}.Debug|Win32.Build.0 = Debug|Win32
		{66E3CE14-884D-4AEA-9F20-15A0BEAF8C5A}.DLL Debug|Win32.ActiveCfg = Debug|Win32
		{66E3CE14-884D-4AEA-9F20-15A0BEAF8C5A}.DLL Debug|Win32.Build.0 = Debug|Win32
		{66E3CE14-884D-4AEA-9F20-15A0BEAF8C5A}.DLL Release|Win32.ActiveCfg = Release|Win32
		{66E3CE14-884D-4AEA-9F20-15A0BEAF8C5A}.DLL Release|Win32.Build.0 = Release|Win32
		{66E3CE14-884D-4AEA-9F20-15A0BEAF8C5A}.DLL VB|Win32.ActiveCfg = Debug|Win32
		{66E3CE14-884D-4AEA-9F20-15A0BEAF8C5A}.DLL VB|Win32.Build.0 = Debug|Win32
		{66E3CE14-884D-4AEA-9F20-15A0BEAF8C5A}.LIB Debug|Win32.ActiveCfg = Debug|Win32
		{66E3CE14-884D-4AEA-9F20-15A0BEAF8C5A}.LIB Debug|Win32.Build.0 = Debug|Win32
		{66E3CE14-884D-4AEA-9F20-15A0BEAF8C5A}.LIB Release|Win32.ActiveCfg = Release|Win32
		{66E3CE14-884D-4AEA-9F20-15A0BEAF8C5A}.LIB Release|Win32.Build.0 = Release|Win32
		{66E3CE14-884D-4AEA-9F20-15A0BEAF8C5A}.Release|Win32.ActiveCfg = Release|Win32
		{66E3CE14-884D-4AEA-9F20-15A0BEAF8C5A}.Release|Win32.Build.0 = Release|Win32
		{60D24944-3BD3-4CBD-999F-BFE4FBAD3237}.Debug|Win32.ActiveCfg = Debug|Win32
		{60D24944-3BD3-4CBD-999F-BFE4FBAD3237}.Debug|Win32.Build.0 = Debug|Win32
		{60D24944-3BD3-4CBD-999F-BFE4FBAD3237}.DLL Debug|Win32.ActiveCfg = Debug|Win32
		{60D24944-3BD3-4CBD-999F-BFE4FBAD3237}.DLL Debug|Win32.Build.0 = Debug|Win32
		{60D24944-3BD3-4CBD-999F-BFE4FBAD3237}.DLL Release|Win32.ActiveCfg = Release|Win32
		{60D24944-3BD3-4CBD-999F-BFE4FBAD3237}.DLL Release|Win32.Build.0 = Release|Win32
		{60D24944-3BD3-4CBD-999F-BFE4FBAD3237}.DLL VB|Win32.ActiveCfg = Debug|Win32
		{60D24944-3BD3-4CBD-999F-BFE4FBAD3237}.DLL VB|Win32.Build.0 = Debug|Win32
		{60D24944-3BD3-4CBD-999F-BFE4FBAD3237}.LIB Debug|Win32.ActiveCfg = Debug|Win32
		{60D24944-3BD3-4CBD-999F-BFE4FBAD3237}.LIB Debug|Win32.Build.0 = Debug|Win32
		{60D24944-3BD3-4CBD-999F-BFE4FBAD3237}.LIB Release|Win32.ActiveCfg = Release|Win32
		{60D24944-3BD3-4CBD-999F-BFE4FBAD3237}.LIB Release|Win32.Build.0 = Release|Win32
		{60D24944-3BD3-4CBD-999F-BFE4FBAD3237}.Release|Win32.ActiveCfg = Release|Win32
		{60D24944-3BD3-4CBD-999F-BFE4FBAD3237}.Release|Win32.Build.0 = Release|Win32
		{5A761929-07C3-48BD-8E4A-B37EC5C72C42}.Debug|Win32.ActiveCfg = Debug|Win32
		{5A761929-07C3-48BD-8E4A-B37EC5C72C42}.Debug|Win32.Build.0 = Debug|Win32
		{5A761929-07C3-48BD-8E4A-B37EC5C72C42}.DLL Debug|Win32.ActiveCfg = Debug|Win32
		{5A761929-07C3-48BD-8E4A-B37EC5C72C42}.DLL Debug|Win32.Build.0 = Debug|Win32
		{5A761929-07C3-48BD-8E4A-B37EC5C72C42}.DLL Release|Win32.ActiveCfg = Debug|Win32
		{5A761929-07C3-48BD-8E4A-B37EC5C72C42}.DLL Release|Win32.Build.0 = Debug|Win32
		{5A761929-07C3-48BD-8E4A-B37EC5C72C42}.DLL VB|Win32.ActiveCfg = Debug|Win32
		{5A761929-07C3-48BD-8E4A-B37EC5C72C42}.DLL VB|Win32.Build.0 = Debug|Win32
		{5A761929-07C3-48BD-8E4A-B37EC5C72C42}.LIB Debug|Win32.ActiveCfg = Debug|Win32
		{5A761929-07C3-48BD-8E4A-B37EC5C72C42}.LIB Debug|Win32.Build.0 = Debug|Win32
		{5A761929-07C3-48BD-8E4A-B37EC5C72C42}.LIB Release|Win32.ActiveCfg = Debug|Win32
		{5A761929-07C3-48BD-8E4A-B37EC5C72C42}.LIB Release|Win32.Build.0 = Debug|Win32
		{5A761929-07C3-48BD-8E4A-B37EC5C72C42}.Release|Win32.ActiveCfg = Debug|Win32
		{5A761929-07C3-48BD-8E4A-B37EC5C72C42}.Release|Win32.Build.0 = Debug|Win32
		{CB863607-6B6C-0000-0000-000000001234}.Debug|Win32.ActiveCfg = Debug|Win32
		{CB863607-6B6C-0000-0000-000000001234}.Debug|Win32.Build.0 = Debug|Win32
		{CB863607-6B6C-0000-0000-000000001234}.DLL Debug|Win32.ActiveCfg = Debug|Win32
		{CB863607-6B6C-0000-0000-000000001234}.DLL Debug|Win32.Build.0 = Debug|Win32
		{CB863607-6B6C-0000-0000-000000001234}.DLL Release|Win32.ActiveCfg = Debug|Win32
		{CB863607-6B6C-0000-0000-000000001234}.DLL Release|Win32.Build.0 = Debug|Win32
		{CB863607-6B6C-0000-0000-000000001234}.DLL VB|Win32.ActiveCfg = Debug|Win32
		{CB863607-6B6C-0000-0000-000000001234}.DLL VB|Win32.Build.0 = Debug|Win32
		{CB863607-6B6C-0000-0000-000000001234}.LIB Debug|Win32.ActiveCfg = Debug|Win32
		{CB863607-6B6C-0000-0000-000000001234}.LIB Debug|Win32.Build.0 = Debug|Win32
		{CB863607-6B6C-0000-0000-000000001234}.LIB Release|Win32.ActiveCfg = Debug|Win32
		{CB863607-6B6C-0000-0000-000000001234}.LIB Release|Win32.Build.0 = Debug|Win32
		{CB863607-6B6C-0000-0000-000000001234}.Release|Win32.ActiveCfg = Debug|Win32
		{CB863607-6B6C-0000-0000-000000001234}.Release|Win32.Build.0 = Debug|Win32
		{94C06B5A-D085-4E23-9096-246D92618D29}.Debug|Win32.ActiveCfg = Debug|Win32
		{94C06B5A-D085-4E23-9096-246D92618D29}.Debug|Win32.Build.0 = Debug|Win32
		{94C06B5A-D085-4E23-9096-246D92618D29}.DLL Debug|Win32.ActiveCfg = Debug|Win32
		{94C06B5A-D085-4E23-9096-246D92618D29}.DLL Debug|Win32.Build.0 = Debug|Win32
		{94C06B5A-D085-4E23-9096-246D92618D29}.DLL Release|Win32.ActiveCfg = Release|Win32
		{94C06B5A-D085-4E23-9096-246D92618D29}.DLL Release|Win32.Build.0 = Release|Win32
		{94C06B5A-D085-4E23-9096-246D92618D29}.DLL VB|Win32.ActiveCfg = Debug|Win32
		{94C06B5A-D085-4E23-9096-246D92618D29}.DLL VB|Win32.Build.0 = Debug|Win32
		{94C06B5A-D085-4E23-9096-246D92618D29}.LIB Debug|Win32.ActiveCfg = Debug|Win32
		{94C06B5A-D085-4E23-9096-246D92618D29}.LIB Debug|Win32.Build.0 = Debug|Win32
		{94C06B5A-D085-4E23-9096-246D92618D29}.LIB Release|Win32.ActiveCfg = Release|Win32
		{94C06B5A-D085-4E23-9096-246D92618D29}.LIB Release|Win32.Build.0 = Release|Win32
		{94C06B5A-D085-4E23-9096-246D92618D29}.Release|Win32.ActiveCfg = Release|Win32
		{94C06B5A-D085-4E23-9096-246D92618D29}.Release|Win32.Build.0 = Release|Win32
		{01DEE86E-D4BE-4C62-B079-60324E2B9AF9}.Debug|Win32.ActiveCfg = Debug|Win32
		{01DEE86E-D4BE-4C62-B079-60324E2B9AF9}.Debug|Win32.Build.0 = Debug|Win32
		{01DEE86E-D4BE-4C62-B079-60324E2B9AF9}.DLL Debug|Win32.ActiveCfg = Debug|Win32
		{01DEE86E-D4BE-4C62-B079-60324E2B9AF9}.DLL Debug|Win32.Build.0 = Debug|Win32
		{01DEE86E-D4BE-4C62-B079-60324E2B9AF9}.DLL Release|Win32.ActiveCfg = Release|Win32
		{01DEE86E-D4BE-4C62-B079-60324E2B9AF9}.DLL Release|Win32.Build.0 = Release|Win32
		{01DEE86E-D4BE-4C62-B079-60324E2B9AF9}.DLL VB|Win32.ActiveCfg = Debug|Win32
		{01DEE86E-D4BE-4C62-B079-60324E2B9AF9}.DLL VB|Win32.Build.0 = Debug|Win32
		{01DEE86E-D4BE-4C62-B079-60324E2B9AF9}.LIB Debug|Win32.ActiveCfg = Debug|Win32
		{01DEE86E-D4BE-4C62-B079-60324E2B9AF9}.LIB Debug|Win32.Build.0 = Debug|Win32
		{01DEE86E-D4BE-4C62-B079-60324E2B9AF9}.LIB Release|Win32.ActiveCfg = Release|Win32
		{01DEE86E-D4BE-4C62-B079-60324E2B9AF9}.LIB Release|Win32.Build.0 = Release|Win32
		{01DEE86E-D4BE-4C62-B079-60324E2B9AF9}.Release|Win32.ActiveCfg = Release|Win32
		{01DEE86E-D4BE-4C62-B079-60324E2B9AF9}.Release|Win32.Build.0 = Release|Win32
		{CB863607-6B6C-0000-7689-000000001234}.Debug|Win32.ActiveCfg = Debug|Win32
		{CB863607-6B6C-0000-7689-000000001234}.Debug|Win32.Build.0 = Debug|Win32
		{CB863607-6B6C-0000-7689-000000001234}.DLL Debug|Win32.ActiveCfg = Debug|Win32
		{CB863607-6B6C-0000-7689-000000001234}.DLL Debug|Win32.Build.0 = Debug|Win32
		{CB863607-6B6C-0000-7689-000000001234}.DLL Release|Win32.ActiveCfg = Debug|Win32
		{CB863607-6B6C-0000-7689-000000001234}.DLL Release|Win32.Build.0 = Debug|Win32
		{CB863607-6B6C-0000-7689-000000001234}.DLL VB|Win32.ActiveCfg = Debug|Win32
		{CB863607-6B6C-0000-7689-000000001234}.DLL VB|Win32.Build.0 = Debug|Win32
		{CB863607-6B6C-0000-7689-000000001234}.LIB Debug|Win32.ActiveCfg = Debug|Win32
		{CB863607-6B6C-0000-7689-000000001234}.LIB Debug|Win32.Build.0 = Debug|Win32
		{CB863607-6B6C-0000-7689-000000001234}.LIB Release|Win32.ActiveCfg = Debug|Win32
		{CB863607-6B6C-0000-7689-000000001234}.LIB Release|Win32.Build.0 = Debug|Win32
		{CB863607-6B6C-0000-7689-000000001234}.Release|Win32.ActiveCfg = Debug|Win32
		{CB863607-6B6C-0000-7689-000000001234}.Release|Win32.Build.0 = Debug|Win32
		{CB80E607-6B6C-4ADF-9B6D-27AA925AE493}.Debug|Win32.ActiveCfg = Debug|Win32
		{CB80E607-6B6C-4ADF-9B6D-27AA925AE493}.Debug|Win32.Build.0 = Debug|Win32
		{CB80E607-6B6C-4ADF-9B6D-27AA925AE493}.DLL Debug|Win32.ActiveCfg = Debug|Win32
		{CB80E607-6B6C-4ADF-9B6D-27AA925AE493}.DLL Debug|Win32.Build.0 = Debug|Win32
		{CB80E607-6B6C-4ADF-9B6D-27AA925AE493}.DLL Release|Win32.ActiveCfg = Debug|Win32
		{CB80E607-6B6C-4ADF-9B6D-27AA925AE493}.DLL Release|Win32.Build.0 = Debug|Win32
		{CB80E607-6B6C-4ADF-9B6D-27AA925AE493}.DLL VB|Win32.ActiveCfg = Debug|Win32
		{CB80E607-6B6C-4ADF-9B6D-27AA925AE493}.DLL VB|Win32.Build.0 = Debug|Win32
		{CB80E607-6B6C-4ADF-9B6D-27AA925AE493}.LIB Debug|Win32.ActiveCfg = Debug|Win32
		{CB80E607-6B6C-4ADF-9B6D-27AA925AE493}.LIB Debug|Win32.Build.0 = Debug|Win32
		{CB80E607-6B6C-4ADF-9B6D-27AA925AE493}.LIB Release|Win32.ActiveCfg = Debug|Win32
		{CB80E607-6B6C-4ADF-9B6D-27AA925AE493}.LIB Release|Win32.Build.0 = Debug|Win32
		{CB80E607-6B6C-4ADF-9B6D-27AA925AE493}.Release|Win32.ActiveCfg = Debug|Win32
		{CB80E607-6B6C-4ADF-9B6D-27AA925AE493}.Release|Win32.Build.0 = Debug|Win32
		{2C7E83B9-123A-BCDF-97BA-FCF4D0728408}.Debug|Win32.ActiveCfg = Debug|Win32
		{2C7E83B9-123A-BCDF-97BA-FCF4D0728408}.Debug|Win32.Build.0 = Debug|Win32
		{2C7E83B9-123A-BCDF-97BA-FCF4D0728408}.DLL Debug|Win32.ActiveCfg = Debug|Win32
		{2C7E83B9-123A-BCDF-97BA-FCF4D0728408}.DLL Debug|Win32.Build.0 = Debug|Win32
		{2C7E83B9-123A-BCDF-97BA-FCF4D0728408}.DLL Release|Win32.ActiveCfg = Debug|Win32
		{2C7E83B9-123A-BCDF-97BA-FCF4D0728408}.DLL Release|Win32.Build.0 = Debug|Win32
		{2C7E83B9-123A-BCDF-97BA-FCF4D0728408}.DLL VB|Win32.ActiveCfg = Debug|Win32
		{2C7E83B9-123A-BCDF-97BA-FCF4D0728408}.DLL VB|Win32.Build.0 = Debug|Win32
		{2C7E83B9-123A-BCDF-97BA-FCF4D0728408}.LIB Debug|Win32.ActiveCfg = Debug|Win32
		{2C7E83B9-123A-BCDF-97BA-FCF4D0728408}.LIB Debug|Win32.Build.0 = Debug|Win32
		{2C7E83B9-123A-BCDF-97BA-FCF4D0728408}.LIB Release|Win32.ActiveCfg = Debug|Win32
		{2C7E83B9-123A-BCDF-97BA-FCF4D0728408}.LIB Release|Win32.Build.0 = Debug|Win32
		{2C7E83B9-123A-BCDF-97BA-FCF4D0728408}.Release|Win32.ActiveCfg = Debug|Win32
		{2C7E83B9-123A-BCDF-97BA-FCF4D0728408}.Release|Win32.Build.0 = Debug|Win32
		{2C7E83B9-7FE8-432A-97BA-FCF4D0728408}.Debug|Win32.ActiveCfg = Debug|Win32
		{2C7E83B9-7FE8-432A-97BA-FCF4D0728408}.Debug|Win32.Build.0 = Debug|Win32
		{2C7E83B9-7FE8-432A-97BA-FCF4D0728408}.DLL Debug|Win32.ActiveCfg = Debug|Win32
		{2C7E83B9-7FE8-432A-97BA-FCF4D0728408}.DLL Debug|Win32.Build.0 = Debug|Win32
		{2C7E83B9-7FE8-432A-97BA-FCF4D0728408}.DLL Release|Win32.ActiveCfg = Debug|Win32
		{2C7E83B9-7FE8-432A-97BA-FCF4D0728408}.DLL Release|Win32.Build.0 = Debug|Win32
		{2C7E83B9-7FE8-432A-97BA-FCF4D0728408}.DLL VB|Win32.ActiveCfg = Debug|Win32
		{2C7E83B9-7FE8-432A-97BA-FCF4D0728408}.DLL VB|Win32.Build.0 = Debug|Win32
		{2C7E83B9-7FE8-432A-97BA-FCF4D0728408}.LIB Debug|Win32.ActiveCfg = Debug|Win32
		{2C7E83B9-7FE8-432A-97BA-FCF4D0728408}.LIB Debug|Win32.Build.0 = Debug|Win32
		{2C7E83B9-7FE8-432A-97BA-FCF4D0728408}.LIB Release|Win32.ActiveCfg = Debug|Win32
		{2C7E83B9-7FE8-432A-97BA-FCF4D0728408}.LIB Release|Win32.Build.0 = Debug|Win32
		{2C7E83B9-7FE8-432A-97BA-FCF4D0728408}.Release|Win32.ActiveCfg = Debug|Win32
		{2C7E83B9-7FE8-432A-97BA-FCF4D0728408}.Release|Win32.Build.0 = Debug|Win32
		{BE7472E1-E76E-4969-A35F-054614F5884E}.Debug|Win32.ActiveCfg = Debug|Win32
		{BE7472E1-E76E-4969-A35F-054614F5884E}.Debug|Win32.Build.0 = Debug|Win32
		{BE7472E1-E76E-4969-A35F-054614F5884E}.DLL Debug|Win32.ActiveCfg = Debug|Win32
		{BE7472E1-E76E-4969-A35F-054614F5884E}.DLL Debug|Win32.Build.0 = Debug|Win32
		{BE7472E1-E76E-4969-A35F-054614F5884E}.DLL Release|Win32.ActiveCfg = Debug|Win32
		{BE7472E1-E76E-4969-A35F-054614F5884E}.DLL Release|Win32.Build.0 = Debug|Win32
		{BE7472E1-E76E-4969-A35F-054614F5884E}.DLL VB|Win32.ActiveCfg = Debug|Win32
		{BE7472E1-E76E-4969-A35F-054614F5884E}.DLL VB|Win32.Build.0 = Debug|Win32
		{BE7472E1-E76E-4969-A35F-054614F5884E}.LIB Debug|Win32.ActiveCfg = Debug|Win32
		{BE7472E1-E76E-4969-A35F-054614F5884E}.LIB Debug|Win32.Build.0 = Debug|Win32
		{BE7472E1-E76E-4969-A35F-054614F5884E}.LIB Release|Win32.ActiveCfg = Debug|Win32
		{BE7472E1-E76E-4969-A35F-054614F5884E}.LIB Release|Win32.Build.0 = Debug|Win32
		{BE7472E1-E76E-4969-A35F-054614F5884E}.Release|Win32.ActiveCfg = Debug|Win32
		{BE7472E1-E76E-4969-A35F-054614F5884E}.Release|Win32.Build.0 = Debug|Win32
		{5EEFE977-C56D-462F-BDEE-12A5452EB8CC}.Debug|Win32.ActiveCfg = Debug|Win32
		{5EEFE977-C56D-462F-BDEE-12A5452EB8CC}.Debug|Win32.Build.0 = Debug|Win32
		{5EEFE977-C56D-462F-BDEE-12A5452EB8CC}.DLL Debug|Win32.ActiveCfg = Debug|Win32
		{5EEFE977-C56D-462F-BDEE-12A5452EB8CC}.DLL Debug|Win32.Build.0 = Debug|Win32
		{5EEFE977-C56D-462F-BDEE-12A5452EB8CC}.DLL Release|Win32.ActiveCfg = Debug|Win32
		{5EEFE977-C56D-462F-BDEE-12A5452EB8CC}.DLL Release|Win32.Build.0 = Debug|Win32
		{5EEFE977-C56D-462F-BDEE-12A5452EB8CC}.DLL VB|Win32.ActiveCfg = Debug|Win32
		{5EEFE977-C56D-462F-BDEE-12A5452EB8CC}.DLL VB|Win32.Build.0 = Debug|Win32
		{5EEFE977-C56D-462F-BDEE-12A5452EB8CC}.LIB Debug|Win32.ActiveCfg = Debug|Win32
		{5EEFE977-C56D-462F-BDEE-12A5452EB8CC}.LIB Debug|Win32.Build.0 = Debug|Win32
		{5EEFE977-C56D-462F-BDEE-12A5452EB8CC}.LIB Release|Win32.ActiveCfg = Debug|Win32
		{5EEFE977-C56D-462F-BDEE-12A5452EB8CC}.LIB Release|Win32.Build.0 = Debug|Win32
		{5EEFE977-C56D-462F-BDEE-12A5452EB8CC}.Release|Win32.ActiveCfg = Debug|Win32
		{5EEFE977-C56D-462F-BDEE-12A5452EB8CC}.Release|Win32.Build.0 = Debug|Win32
		{E251B4F4-0B0A-482B-BA18-1234ADC4B6AA}.Debug|Win32.ActiveCfg = Debug|Win32
		{E251B4F4-0B0A-482B-BA18-1234ADC4B6AA}.Debug|Win32.Build.0 = Debug|Win32
		{E251B4F4-0B0A-482B-BA18-1234ADC4B6AA}.DLL Debug|Win32.ActiveCfg = Debug|Win32
		{E251B4F4-0B0A-482B-BA18-1234ADC4B6AA}.DLL Debug|Win32.Build.0 = Debug|Win32
		{E251B4F4-0B0A-482B-BA18-1234ADC4B6AA}.DLL Release|Win32.ActiveCfg = Debug|Win32
		{E251B4F4-0B0A-482B-BA18-1234ADC4B6AA}.DLL Release|Win32.Build.0 = Debug|Win32
		{E251B4F4-0B0A-482B-BA18-1234ADC4B6AA}.DLL VB|Win32.ActiveCfg = Debug|Win32
		{E251B4F4-0B0A-482B-BA18-1234ADC4B6AA}.DLL VB|Win32.Build.0 = Debug|Win32
		{E251B4F4-0B0A-482B-BA18-1234ADC4B6AA}.LIB Debug|Win32.ActiveCfg = Debug|Win32
		{E251B4F4-0B0A-482B-BA18-1234ADC4B6AA}.LIB Debug|Win32.Build.0 = Debug|Win32
		{E251B4F4-0B0A-482B-BA18-1234ADC4B6AA}.LIB Release|Win32.ActiveCfg = Debug|Win32
		{E251B4F4-0B0A-482B-BA18-1234ADC4B6AA}.LIB Release|Win32.Build.0 = Debug|Win32
		{E251B4F4-0B0A-482B-BA18-1234ADC4B6AA}.Release|Win32.ActiveCfg = Debug|Win32
		{E251B4F4-0B0A-482B-BA18-1234ADC4B6AA}.Release|Win32.Build.0 = Debug|Win32
		{1EBC7A53-4677-4C3A-8D4A-49D301F17D85}.Debug|Win32.ActiveCfg = Debug|Win32
		{1EBC7A53-4677-4C3A-8D4A-49D301F17D85}.Debug|Win32.Build.0 = Debug|Win32
		{1EBC7A53-4677-4C3A-8D4A-49D301F17D85}.DLL Debug|Win32.ActiveCfg = Debug|Win32
		{1EBC7A53-4677-4C3A-8D4A-49D301F17D85}.DLL Debug|Win32.Build.0 = Debug|Win32
		{1EBC7A53-4677-4C3A-8D4A-49D301F17D85}.DLL Release|Win32.ActiveCfg = Debug|Win32
		{1EBC7A53-4677-4C3A-8D4A-49D301F17D85}.DLL Release|Win32.Build.0 = Debug|Win32
		{1EBC7A53-4677-4C3A-8D4A-49D301F17D85}.DLL VB|Win32.ActiveCfg = Debug|Win32
		{1EBC7A53-4677-4C3A-8D4A-49D301F17D85}.DLL VB|Win32.Build.0 = Debug|Win32
		{1EBC7A53-4677-4C3A-8D4A-49D301F17D85}.LIB Debug|Win32.ActiveCfg = Debug|Win32
		{1EBC7A53-4677-4C3A-8D4A-49D301F17D85}.LIB Debug|Win32.Build.0 = Debug|Win32
		{1EBC7A53-4677-4C3A-8D4A-49D301F17D85}.LIB Release|Win32.ActiveCfg = Debug|Win32
		{1EBC7A53-4677-4C3A-8D4A-49D301F17D85}.LIB Release|Win32.Build.0 = Debug|Win32
		{1EBC7A53-4677-4C3A-8D4A-49D301F17D85}.Release|Win32.ActiveCfg = Debug|Win32
		{1EBC7A53-4677-4C3A-8D4A-49D301F17D85}.Release|Win32.Build.0 = Debug|Win32
		{B4823266-DF8C-4EFB-91C0-C7688C234EAC}.Debug|Win32.ActiveCfg = Debug|Win32
		{B4823266-DF8C-4EFB-91C0-C7688C234EAC}.Debug|Win32.Build.0 = Debug|Win32
		{B4823266-DF8C-4EFB-91C0-C7688C234EAC}.DLL Debug|Win32.ActiveCfg = Debug|Win32
		{B4823266-DF8C-4EFB-91C0-C7688C234EAC}.DLL Debug|Win32.Build.0 = Debug|Win32
		{B4823266-DF8C-4EFB-91C0-C7688C234EAC}.DLL Release|Win32.ActiveCfg = Debug|Win32
		{B4823266-DF8C-4EFB-91C0-C7688C234EAC}.DLL Release|Win32.Build.0 = Debug|Win32
		{B4823266-DF8C-4EFB-91C0-C7688C234EAC}.DLL VB|Win32.ActiveCfg = Debug|Win32
		{B4823266-DF8C-4EFB-91C0-C7688C234EAC}.DLL VB|Win32.Build.0 = Debug|Win32
		{B4823266-DF8C-4EFB-91C0-C7688C234EAC}.LIB Debug|Win32.ActiveCfg = Debug|Win32
		{B4823266-DF8C-4EFB-91C0-C7688C234EAC}.LIB Debug|Win32.Build.0 = Debug|Win32
		{B4823266-DF8C-4EFB-91C0-C7688C234EAC}.LIB Release|Win32.ActiveCfg = Debug|Win32
		{B4823266-DF8C-4EFB-91C0-C7688C234EAC}.LIB Release|Win32.Build.0 = Debug|Win32
		{B4823266-DF8C-4EFB-91C0-C7688C234EAC}.Release|Win32.ActiveCfg = Debug|Win32
		{B4823266-DF8C-4EFB-91C0-C7688C234EAC}.Release|Win32.Build.0 = Debug|Win32
		{1EBC7A53-4677-75D7-8D4A-49D301F17D85}.Debug|Win32.ActiveCfg = Debug|Win32
		{1EBC7A53-4677-75D7-8D4A-49D301F17D85}.Debug|Win32.Build.0 = Debug|Win32
		{1EBC7A53-4677-75D7-8D4A-49D301F17D85}.DLL Debug|Win32.ActiveCfg = Debug|Win32
		{1EBC7A53-4677-75D7-8D4A-49D301F17D85}.DLL Debug|Win32.Build.0 = Debug|Win32
		{1EBC7A53-4677-75D7-8D4A-49D301F17D85}.DLL Release|Win32.ActiveCfg = Debug|Win32
		{1EBC7A53-4677-75D7-8D4A-49D301F17D85}.DLL Release|Win32.Build.0 = Debug|Win32
		{1EBC7A53-4677-75D7-8D4A-49D301F17D85}.DLL VB|Win32.ActiveCfg = Debug|Win32
		{1EBC7A53-4677-75D7-8D4A-49D301F17D85}.DLL VB|Win32.Build.0 = Debug|Win32
		{1EBC7A53-4677-75D7-8D4A-49D301F17D85}.LIB Debug|Win32.ActiveCfg = Debug|Win32
		{1EBC7A53-4677-75D7-8D4A-49D301F17D85}.LIB Debug|Win32.Build.0 = Debug|Win32
		{1EBC7A53-4677-75D7-8D4A-49D301F17D85}.LIB Release|Win32.ActiveCfg = Debug|Win32
		{1EBC7A53-4677-75D7-8D4A-49D301F17D85}.LIB Release|Win32.Build.0 = Debug|Win32
		{1EBC7A53-4677-75D7-8D4A-49D301F17D85}.Release|Win32.ActiveCfg = Debug|Win32
		{1EBC7A53-4677-75D7-8D4A-49D301F17D85}.Release|Win32.Build.0 = Debug|Win32
		{1EBC7A53-4677-ADF1-8D4A-49D301F17D85}.Debug|Win32.ActiveCfg = Debug|Win32
		{1EBC7A53-4677-ADF1-8D4A-49D301F17D85}.Debug|Win32.Build.0 = Debug|Win32
		{1EBC7A53-4677-ADF1-8D4A-49D301F17D85}.DLL Debug|Win32.ActiveCfg = Debug|Win32
		{1EBC7A53-4677-ADF1-8D4A-49D301F17D85}.DLL Debug|Win32.Build.0 = Debug|Win32
		{1EBC7A53-4677-ADF1-8D4A-49D301F17D85}.DLL Release|Win32.ActiveCfg = Debug|Win32
		{1EBC7A53-4677-ADF1-8D4A-49D301F17D85}.DLL Release|Win32.Build.0 = Debug|Win32
		{1EBC7A53-4677-ADF1-8D4A-49D301F17D85}.DLL VB|Win32.ActiveCfg = Debug|Win32
		{1EBC7A53-4677-ADF1-8D4A-49D301F17D85}.DLL VB|Win32.Build.0 = Debug|Win32
		{1EBC7A53-4677-ADF1-8D4A-49D301F17D85}.LIB Debug|Win32.ActiveCfg = Debug|Win32
		{1EBC7A53-4677-ADF1-8D4A-49D301F17D85}.LIB Debug|Win32.Build.0 = Debug|Win32
		{1EBC7A53-4677-ADF1-8D4A-49D301F17D85}.LIB Release|Win32.ActiveCfg = Debug|Win32
		{1EBC7A53-4677-ADF1-8D4A-49D301F17D85}.LIB Release|Win32.Build.0 = Debug|Win32
		{1EBC7A53-4677-ADF1-8D4A-49D301F17D85}.Release|Win32.ActiveCfg = Debug|Win32
		{1EBC7A53-4677-ADF1-8D4A-49D301F17D85}.Release|Win32.Build.0 = Debug|Win32
		{E251B4F4-0B0A-482B-BB33-1234ADC4B6AA}.Debug|Win32.ActiveCfg = Debug|Win32
		{E251B4F4-0B0A-482B-BB33-1234ADC4B6AA}.Debug|Win32.Build.0 = Debug|Win32
		{E251B4F4-0B0A-482B-BB33-1234ADC4B6AA}.DLL Debug|Win32.ActiveCfg = Debug|Win32
		{E251B4F4-0B0A-482B-BB33-1234ADC4B6AA}.DLL Debug|Win32.Build.0 = Debug|Win32
		{E251B4F4-0B0A-482B-BB33-1234ADC4B6AA}.DLL Release|Win32.ActiveCfg = Debug|Win32
		{E251B4F4-0B0A-482B-BB33-1234ADC4B6AA}.DLL Release|Win32.Build.0 = Debug|Win32
		{E251B4F4-0B0A-482B-BB33-1234ADC4B6AA}.DLL VB|Win32.ActiveCfg = Debug|Win32
		{E251B4F4-0B0A-482B-BB33-1234ADC4B6AA}.DLL VB|Win32.Build.0 = Debug|Win32
		{E251B4F4-0B0A-482B-BB33-1234ADC4B6AA}.LIB Debug|Win32.ActiveCfg = Debug|Win32
		{E251B4F4-0B0A-482B-BB33-1234ADC4B6AA}.LIB Debug|Win32.Build.0 = Debug|Win32
		{E251B4F4-0B0A-482B-BB33-1234ADC4B6AA}.LIB Release|Win32.ActiveCfg = Debug|Win32
		{E251B4F4-0B0A-482B-BB33-1234ADC4B6AA}.LIB Release|Win32.Build.0 = Debug|Win32
		{E251B4F4-0B0A-482B-BB33-1234ADC4B6AA}.Release|Win32.ActiveCfg = Debug|Win32
		{E251B4F4-0B0A-482B-BB33-1234ADC4B6AA}.Release|Win32.Build.0 = Debug|Win32
		{01818D2C-65AF-4D5C-9452-4DFF401C6461}.Debug|Win32.ActiveCfg = Debug|Win32
		{01818D2C-65AF-4D5C-9452-4DFF401C6461}.Debug|Win32.Build.0 = Debug|Win32
		{01818D2C-65AF-4D5C-9452-4DFF401C6461}.DLL Debug|Win32.ActiveCfg = Debug|Win32
		{01818D2C-65AF-4D5C-9452-4DFF401C6461}.DLL Debug|Win32.Build.0 = Debug|Win32
		{01818D2C-65AF-4D5C-9452-4DFF401C6461}.DLL Release|Win32.ActiveCfg = Debug|Win32
		{01818D2C-65AF-4D5C-9452-4DFF401C6461}.DLL Release|Win32.Build.0 = Debug|Win32
		{01818D2C-65AF-4D5C-9452-4DFF401C6461}.DLL VB|Win32.ActiveCfg = Debug|Win32
		{01818D2C-65AF-4D5C-9452-4DFF401C6461}.DLL VB|Win32.Build.0 = Debug|Win32
		{01818D2C-65AF-4D5C-9452-4DFF401C6461}.LIB Debug|Win32.ActiveCfg = Debug|Win32
		{01818D2C-65AF-4D5C-9452-4DFF401C6461}.LIB Debug|Win32.Build.0 = Debug|Win32
		{01818D2C-65AF-4D5C-9452-4DFF401C6461}.LIB Release|Win32.ActiveCfg = Debug|Win32
		{01818D2C-65AF-4D5C-9452-4DFF401C6461}.LIB Release|Win32.Build.0 = Debug|Win32
		{01818D2C-65AF-4D5C-9452-4DFF401C6461}.Release|Win32.ActiveCfg = Debug|Win32
		{01818D2C-65AF-4D5C-9452-4DFF401C6461}.Release|Win32.Build.0 = Debug|Win32
		{53FC9752-81C1-4AA6-B366-A7890A2B81F6}.Debug|Win32.ActiveCfg = Debug|Win32
		{53FC9752-81C1-4AA6-B366-A7890A2B81F6}.Debug|Win32.Build.0 = Debug|Win32
		{53FC9752-81C1-4AA6-B366-A7890A2B81F6}.DLL Debug|Win32.ActiveCfg = Debug|Win32
		{53FC9752-81C1-4AA6-B366-A7890A2B81F6}.DLL Debug|Win32.Build.0 = Debug|Win32
		{53FC9752-81C1-4AA6-B366-A7890A2B81F6}.DLL Release|Win32.ActiveCfg = Debug|Win32
		{53FC9752-81C1-4AA6-B366-A7890A2B81F6}.DLL Release|Win32.Build.0 = Debug|Win32
		{53FC9752-81C1-4AA6-B366-A7890A2B81F6}.DLL VB|Win32.ActiveCfg = Debug|Win32
		{53FC9752-81C1-4AA6-B366-A7890A2B81F6}.DLL VB|Win32.Build.0 = Debug|Win32
		{53FC9752-81C1-4AA6-B366-A7890A2B81F6}.LIB Debug|Win32.ActiveCfg = Debug|Win32
		{53FC9752-81C1-4AA6-B366-A7890A2B81F6}.LIB Debug|Win32.Build.0 = Debug|Win32
		{53FC9752-81C1-4AA6-B366-A7890A2B81F6}.LIB Release|Win32.ActiveCfg = Debug|Win32
		{53FC9752-81C1-4AA6-B366-A7890A2B81F6}.LIB Release|Win32.Build.0 = Debug|Win32
		{53FC9752-81C1-4AA6-B366-A7890A2B81F6}.Release|Win32.ActiveCfg = Debug|Win32
		{53FC9752-81C1-4AA6-B366-A7890A2B81F6}.Release|Win32.Build.0 = Debug|Win32
		{CB863607-6B6C-0000-0000-123400001234}.Debug|Win32.ActiveCfg = Debug|Win32
		{CB863607-6B6C-0000-0000-123400001234}.Debug|Win32.Build.0 = Debug|Win32
		{CB863607-6B6C-0000-0000-123400001234}.DLL Debug|Win32.ActiveCfg = Debug|Win32
		{CB863607-6B6C-0000-0000-123400001234}.DLL Debug|Win32.Build.0 = Debug|Win32
		{CB863607-6B6C-0000-0000-123400001234}.DLL Release|Win32.ActiveCfg = Debug|Win32
		{CB863607-6B6C-0000-0000-123400001234}.DLL Release|Win32.Build.0 = Debug|Win32
		{CB863607-6B6C-0000-0000-123400001234}.DLL VB|Win32.ActiveCfg = Debug|Win32
		{CB863607-6B6C-0000-0000-123400001234}.DLL VB|Win32.Build.0 = Debug|Win32
		{CB863607-6B6C-0000-0000-123400001234}.LIB Debug|Win32.ActiveCfg = Debug|Win32
		{CB863607-6B6C-0000-0000-123400001234}.LIB Debug|Win32.Build.0 = Debug|Win32
		{CB863607-6B6C-0000-0000-123400001234}.LIB Release|Win32.ActiveCfg = Debug|Win32
		{CB863607-6B6C-0000-0000-123400001234}.LIB Release|Win32.Build.0 = Debug|Win32
		{CB863607-6B6C-0000-0000-123400001234}.Release|Win32.ActiveCfg = Debug|Win32
		{CB863607-6B6C-0000-0000-123400001234}.Release|Win32.Build.0 = Debug|Win32
		{01818D2C-1234-4D5C-ABCD-4DFF401C6461}.Debug|Win32.ActiveCfg = Debug|Win32
		{01818D2C-1234-4D5C-ABCD-4DFF401C6461}.Debug|Win32.Build.0 = Debug|Win32
		{01818D2C-1234-4D5C-ABCD-4DFF401C6461}.DLL Debug|Win32.ActiveCfg = Debug|Win32
		{01818D2C-1234-4D5C-ABCD-4DFF401C6461}.DLL Debug|Win32.Build.0 = Debug|Win32
		{01818D2C-1234-4D5C-ABCD-4DFF401C6461}.DLL Release|Win32.ActiveCfg = Debug|Win32
		{01818D2C-1234-4D5C-ABCD-4DFF401C6461}.DLL Release|Win32.Build.0 = Debug|Win32
		{01818D2C-1234-4D5C-ABCD-4DFF401C6461}.DLL VB|Win32.ActiveCfg = Debug|Win32
		{01818D2C-1234-4D5C-ABCD-4DFF401C6461}.DLL VB|Win32.Build.0 = Debug|Win32
		{01818D2C-1234-4D5C-ABCD-4DFF401C6461}.LIB Debug|Win32.ActiveCfg = Debug|Win32
		{01818D2C-1234-4D5C-ABCD-4DFF401C6461}.LIB Debug|Win32.Build.0 = Debug|Win32
		{01818D2C-1234-4D5C-ABCD-4DFF401C6461}.LIB Release|Win32.ActiveCfg = Debug|Win32
		{01818D2C-1234-4D5C-ABCD-4DFF401C6461}.LIB Release|Win32.Build.0 = Debug|Win32
		{01818D2C-1234-4D5C-ABCD-4DFF401C6461}.Release|Win32.ActiveCfg = Debug|Win32
		{01818D2C-1234-4D5C-ABCD-4DFF401C6461}.Release|Win32.Build.0 = Debug|Win32
		{01818D2C-65AF-AFDC-4356-1234401C6461}.Debug|Win32.ActiveCfg = Debug|Win32
		{01818D2C-65AF-AFDC-4356-1234401C6461}.Debug|Win32.Build.0 = Debug|Win32
		{01818D2C-65AF-AFDC-4356-1234401C6461}.DLL Debug|Win32.ActiveCfg = Debug|Win32
		{01818D2C-65AF-AFDC-4356-1234401C6461}.DLL Debug|Win32.Build.0 = Debug|Win32
		{01818D2C-65AF-AFDC-4356-1234401C6461}.DLL Release|Win32.ActiveCfg = Debug|Win32
		{01818D2C-65AF-AFDC-4356-1234401C6461}.DLL Release|Win32.Build.0 = Debug|Win32
		{01818D2C-65AF-AFDC-4356-1234401C6461}.DLL VB|Win32.ActiveCfg = Debug|Win32
		{01818D2C-65AF-AFDC-4356-1234401C6461}.DLL VB|Win32.Build.0 = Debug|Win32
		{01818D2C-65AF-AFDC-4356-1234401C6461}.LIB Debug|Win32.ActiveCfg = Debug|Win32
		{01818D2C-65AF-AFDC-4356-1234401C6461}.LIB Debug|Win32.Build.0 = Debug|Win32
		{01818D2C-65AF-AFDC-4356-1234401C6461}.LIB Release|Win32.ActiveCfg = Debug|Win32
		{01818D2C-65AF-AFDC-4356-1234401C6461}.LIB Release|Win32.Build.0 = Debug|Win32
		{01818D2C-65AF-AFDC-4356-1234401C6461}.Release|Win32.ActiveCfg = Debug|Win32
		{01818D2C-65AF-AFDC-4356-1234401C6461}.Release|Win32.Build.0 = Debug|Win32
		{12ADAF81-E089-4670-878E-0AD2A5D6A8E3}.Debug|Win32.ActiveCfg = Debug|Win32
		{12ADAF81-E089-4670-878E-0AD2A5D6A8E3}.Debug|Win32.Build.0 = Debug|Win32
		{12ADAF81-E089-4670-878E-0AD2A5D6A8E3}.DLL Debug|Win32.ActiveCfg = Debug|Win32
		{12ADAF81-E089-4670-878E-0AD2A5D6A8E3}.DLL Debug|Win32.Build.0 = Debug|Win32
		{12ADAF81-E089-4670-878E-0AD2A5D6A8E3}.DLL Release|Win32.ActiveCfg = Release|Win32
		{12ADAF81-E089-4670-878E-0AD2A5D6A8E3}.DLL Release|Win32.Build.0 = Release|Win32
		{12ADAF81-E089-4670-878E-0AD2A5D6A8E3}.DLL VB|Win32.ActiveCfg = Debug|Win32
		{12ADAF81-E089-4670-878E-0AD2A5D6A8E3}.DLL VB|Win32.Build.0 = Debug|Win32
		{12ADAF81-E089-4670-878E-0AD2A5D6A8E3}.LIB Debug|Win32.ActiveCfg = Debug|Win32
		{12ADAF81-E089-4670-878E-0AD2A5D6A8E3}.LIB Debug|Win32.Build.0 = Debug|Win32
		{12ADAF81-E089-4670-878E-0AD2A5D6A8E3}.LIB Release|Win32.ActiveCfg = Release|Win32
		{12ADAF81-E089-4670-878E-0AD2A5D6A8E3}.LIB Release|Win32.Build.0 = Release|Win32
		{12ADAF81-E089-4670-878E-0AD2A5D6A8E3}.Release|Win32.ActiveCfg = Release|Win32
		{12ADAF81-E089-4670-878E-0AD2A5D6A8E3}.Release|Win32.Build.0 = Release|Win32
		{2A8DECD6-D0C9-41D9-9CFB-AEA816115F62}.Debug|Win32.ActiveCfg = LIB Debug|Win32
		{2A8DECD6-D0C9-41D9-9CFB-AEA816115F62}.Debug|Win32.Build.0 = LIB Debug|Win32
		{2A8DECD6-D0C9-41D9-9CFB-AEA816115F62}.DLL Debug|Win32.ActiveCfg = DLL Debug|Win32
		{2A8DECD6-D0C9-41D9-9CFB-AEA816115F62}.DLL Debug|Win32.Build.0 = DLL Debug|Win32
		{2A8DECD6-D0C9-41D9-9CFB-AEA816115F62}.DLL Release|Win32.ActiveCfg = DLL Release|Win32
		{2A8DECD6-D0C9-41D9-9CFB-AEA816115F62}.DLL Release|Win32.Build.0 = DLL Release|Win32
		{2A8DECD6-D0C9-41D9-9CFB-AEA816115F62}.DLL VB|Win32.ActiveCfg = DLL VB|Win32
		{2A8DECD6-D0C9-41D9-9CFB-AEA816115F62}.DLL VB|Win32.Build.0 = DLL VB|Win32
		{2A8DECD6-D0C9-41D9-9CFB-AEA816115F62}.LIB Debug|Win32.ActiveCfg = LIB Debug|Win32
		{2A8DECD6-D0C9-41D9-9CFB-AEA816115F62}.LIB Debug|Win32.Build.0 = LIB Debug|Win32
		{2A8DECD6-D0C9-41D9-9CFB-AEA816115F62}.LIB Release|Win32.ActiveCfg = LIB Release|Win32
		{2A8DECD6-D0C9-41D9-9CFB-AEA816115F62}.LIB Release|Win32.Build.0 = LIB Release|Win32
		{2A8DECD6-D0C9-41D9-9CFB-AEA816115F62}.Release|Win32.ActiveCfg = LIB Release|Win32
		{2A8DECD6-D0C9-41D9-9CFB-AEA816115F62}.Release|Win32.Build.0 = LIB Release|Win32
		{9101F7CC-B79D-42FD-8499-97C1D79876DD}.Debug|Win32.ActiveCfg = LIB Debug|Win32
		{9101F7CC-B79D-42FD-8499-97C1D79876DD}.Debug|Win32.Build.0 = LIB Debug|Win32
		{9101F7CC-B79D-42FD-8499-97C1D79876DD}.DLL Debug|Win32.ActiveCfg = DLL Debug|Win32
		{9101F7CC-B79D-42FD-8499-97C1D79876DD}.DLL Debug|Win32.Build.0 = DLL Debug|Win32
		{9101F7CC-B79D-42FD-8499-97C1D79876DD}.DLL Release|Win32.ActiveCfg = DLL Release|Win32
		{9101F7CC-B79D-42FD-8499-97C1D79876DD}.DLL Release|Win32.Build.0 = DLL Release|Win32
		{9101F7CC-B79D-42FD-8499-97C1D79876DD}.DLL VB|Win32.ActiveCfg = DLL Debug|Win32
		{9101F7CC-B79D-42FD-8499-97C1D79876DD}.DLL VB|Win32.Build.0 = DLL Debug|Win32
		{9101F7CC-B79D-42FD-8499-97C1D79876DD}.LIB Debug|Win32.ActiveCfg = LIB Debug|Win32
		{9101F7CC-B79D-42FD-8499-97C1D79876DD}.LIB Debug|Win32.Build.0 = LIB Debug|Win32
		{9101F7CC-B79D-42FD-8499-97C1D79876DD}.LIB Release|Win32.ActiveCfg = LIB Release|Win32
		{9101F7CC-B79D-42FD-8499-97C1D79876DD}.LIB Release|Win32.Build.0 = LIB Release|Win32
		{9101F7CC-B79D-42FD-8499-97C1D79876DD}.Release|Win32.ActiveCfg = LIB Release|Win32
		{9101F7CC-B79D-42FD-8499-97C1D79876DD}.Release|Win32.Build.0 = LIB Release|Win32
	EndGlobalSection
	GlobalSection(SolutionProperties) = preSolution
		HideSolutionNode = FALSE
	EndGlobalSection
	GlobalSection(DPCodeReviewSolutionGUID) = preSolution
		DPCodeReviewSolutionGUID = {00000000-0000-0000-0000-000000000000}
	EndGlobalSection
EndGlobal
